
Microsoft Visual Studio Solution File, Format Version 9.00
# Visual Studio 2005
Project("{FAE04EC0-301F-11D3-BF4B-00C04F79EFBC}") = "SqlParser", "SqlParser\SqlParser.csproj", "{8A0BB4FD-F01F-4B42-AACB-FC7CD368FEFB}"
EndProject
Project("{FAE04EC0-301F-11D3-BF4B-00C04F79EFBC}") = "TestApp", "TestApp\TestApp.csproj", "{7E78BA0E-C411-4F2F-9B9C-110126347D80}"
EndProject
Global
	GlobalSection(SolutionConfigurationPlatforms) = preSolution
		Debug|Any CPU = Debug|Any CPU
		Release|Any CPU = Release|Any CPU
	EndGlobalSection
	GlobalSection(ProjectConfigurationPlatforms) = postSolution
		{8A0BB4FD-F01F-4B42-AACB-FC7CD368FEFB}.Debug|Any CPU.ActiveCfg = Debug|Any CPU
		{8A0BB4FD-F01F-4B42-AACB-FC7CD368FEFB}.Debug|Any CPU.Build.0 = Debug|Any CPU
		{8A0BB4FD-F01F-4B42-AACB-FC7CD368FEFB}.Release|Any CPU.ActiveCfg = Release|Any CPU
		{8A0BB4FD-F01F-4B42-AACB-FC7CD368FEFB}.Release|Any CPU.Build.0 = Release|Any CPU
		{7E78BA0E-C411-4F2F-9B9C-110126347D80}.Debug|Any CPU.ActiveCfg = Debug|Any CPU
		{7E78BA0E-C411-4F2F-9B9C-110126347D80}.Debug|Any CPU.Build.0 = Debug|Any CPU
		{7E78BA0E-C411-4F2F-9B9C-110126347D80}.Release|Any CPU.ActiveCfg = Release|Any CPU
		{7E78BA0E-C411-4F2F-9B9C-110126347D80}.Release|Any CPU.Build.0 = Release|Any CPU
	EndGlobalSection
	GlobalSection(SolutionProperties) = preSolution
		HideSolutionNode = FALSE
	EndGlobalSection
EndGlobal
